
Microsoft Visual Studio Solution File, Format Version 12.00
# Visual Studio 2013
VisualStudioVersion = 12.0.31101.0
MinimumVisualStudioVersion = 10.0.40219.1
Project("{FAE04EC0-301F-11D3-BF4B-00C04F79EFBC}") = "ParserFiles", "ParserFiles.csproj", "{6C020E30-9A00-4971-8C06-3AFBD53A350F}"
EndProject
Project("{FAE04EC0-301F-11D3-BF4B-00C04F79EFBC}") = "DA", "..\DA\DA.csproj", "{AE760017-6CB1-48CE-B1D5-58F4A63C8751}"
EndProject
Project("{FAE04EC0-301F-11D3-BF4B-00C04F79EFBC}") = "BL", "BL\BL.csproj", "{D11E5F90-320C-4251-A49C-11AF4CA32BE9}"
EndProject
Global
	GlobalSection(SolutionConfigurationPlatforms) = preSolution
		Debug|Any CPU = Debug|Any CPU
		Release|Any CPU = Release|Any CPU
	EndGlobalSection
	GlobalSection(ProjectConfigurationPlatforms) = postSolution
		{6C020E30-9A00-4971-8C06-3AFBD53A350F}.Debug|Any CPU.ActiveCfg = Debug|Any CPU
		{6C020E30-9A00-4971-8C06-3AFBD53A350F}.Debug|Any CPU.Build.0 = Debug|Any CPU
		{6C020E30-9A00-4971-8C06-3AFBD53A350F}.Release|Any CPU.ActiveCfg = Release|Any CPU
		{6C020E30-9A00-4971-8C06-3AFBD53A350F}.Release|Any CPU.Build.0 = Release|Any CPU
		{AE760017-6CB1-48CE-B1D5-58F4A63C8751}.Debug|Any CPU.ActiveCfg = Debug|Any CPU
		{AE760017-6CB1-48CE-B1D5-58F4A63C8751}.Debug|Any CPU.Build.0 = Debug|Any CPU
		{AE760017-6CB1-48CE-B1D5-58F4A63C8751}.Release|Any CPU.ActiveCfg = Release|Any CPU
		{AE760017-6CB1-48CE-B1D5-58F4A63C8751}.Release|Any CPU.Build.0 = Release|Any CPU
		{D11E5F90-320C-4251-A49C-11AF4CA32BE9}.Debug|Any CPU.ActiveCfg = Debug|Any CPU
		{D11E5F90-320C-4251-A49C-11AF4CA32BE9}.Debug|Any CPU.Build.0 = Debug|Any CPU
		{D11E5F90-320C-4251-A49C-11AF4CA32BE9}.Release|Any CPU.ActiveCfg = Release|Any CPU
		{D11E5F90-320C-4251-A49C-11AF4CA32BE9}.Release|Any CPU.Build.0 = Release|Any CPU
	EndGlobalSection
	GlobalSection(SolutionProperties) = preSolution
		HideSolutionNode = FALSE
	EndGlobalSection
EndGlobal
